
Microsoft Visual Studio Solution File, Format Version 11.00
# Visual Studio 2010
Project("{FAE04EC0-301F-11D3-BF4B-00C04F79EFBC}") = "nikolay-tashev-employess", "nikolay-tashev-employess\nikolay-tashev-employess.csproj", "{EA26009D-2DAA-4215-8FB1-C4E9A8723586}"
EndProject
Global
	GlobalSection(SolutionConfigurationPlatforms) = preSolution
		Debug|x86 = Debug|x86
		Release|x86 = Release|x86
	EndGlobalSection
	GlobalSection(ProjectConfigurationPlatforms) = postSolution
		{EA26009D-2DAA-4215-8FB1-C4E9A8723586}.Debug|x86.ActiveCfg = Debug|x86
		{EA26009D-2DAA-4215-8FB1-C4E9A8723586}.Debug|x86.Build.0 = Debug|x86
		{EA26009D-2DAA-4215-8FB1-C4E9A8723586}.Release|x86.ActiveCfg = Release|x86
		{EA26009D-2DAA-4215-8FB1-C4E9A8723586}.Release|x86.Build.0 = Release|x86
	EndGlobalSection
	GlobalSection(SolutionProperties) = preSolution
		HideSolutionNode = FALSE
	EndGlobalSection
EndGlobal
